{
  "name": "schoolWeb",
  "lockfileVersion": 2,
  "requires": true,
  "packages": {
    "": {
      "dependencies": {
        "jquery": "^3.6.3",
        "pattern.css": "^1.0.0"
      }
    },
    "node_modules/jquery": {
      "version": "3.6.3",
      "resolved": "https://registry.npmjs.org/jquery/-/jquery-3.6.3.tgz",
      "integrity": "sha512-bZ5Sy3YzKo9Fyc8wH2iIQK4JImJ6R0GWI9kL1/k7Z91ZBNgkRXE6U0JfHIizZbort8ZunhSI3jw9I6253ahKfg=="
    },
    "node_modules/pattern.css": {
      "version": "1.0.0",
      "resolved": "https://registry.npmjs.org/pattern.css/-/pattern.css-1.0.0.tgz",
      "integrity": "sha512-2bW2rCCdLGgvJPpiSJGrg44onxRWTMQpn6tooAayomsCHiso3nehlp5OugNYHSXxYuFfQ1vtDXtGbq6H206qLw=="
    }
  },
  "dependencies": {
    "jquery": {
      "version": "3.6.3",
      "resolved": "https://registry.npmjs.org/jquery/-/jquery-3.6.3.tgz",
      "integrity": "sha512-bZ5Sy3YzKo9Fyc8wH2iIQK4JImJ6R0GWI9kL1/k7Z91ZBNgkRXE6U0JfHIizZbort8ZunhSI3jw9I6253ahKfg=="
    },
    "pattern.css": {
      "version": "1.0.0",
      "resolved": "https://registry.npmjs.org/pattern.css/-/pattern.css-1.0.0.tgz",
      "integrity": "sha512-2bW2rCCdLGgvJPpiSJGrg44onxRWTMQpn6tooAayomsCHiso3nehlp5OugNYHSXxYuFfQ1vtDXtGbq6H206qLw=="
    }
  }
}
